// !$*UTF8*$!
{
	archiveVersion = 1;
	classes = {
	};
	objectVersion = 56;
	objects = {

/* Begin PBXBuildFile section */
		D2CFD7B52A2CDFF400AFAFEE /* AppDelegate.swift in Sources */ = {isa = PBXBuildFile; fileRef = D2CFD7B42A2CDFF400AFAFEE /* AppDelegate.swift */; };
		D2CFD7B72A2CDFF400AFAFEE /* SceneDelegate.swift in Sources */ = {isa = PBXBuildFile; fileRef = D2CFD7B62A2CDFF400AFAFEE /* SceneDelegate.swift */; };
		D2CFD7BE2A2CDFF600AFAFEE /* Assets.xcassets in Resources */ = {isa = PBXBuildFile; fileRef = D2CFD7BD2A2CDFF600AFAFEE /* Assets.xcassets */; };
		D2CFD7CA2A2CE17400AFAFEE /* FeedViewController.swift in Sources */ = {isa = PBXBuildFile; fileRef = D2CFD7C92A2CE17400AFAFEE /* FeedViewController.swift */; };
		D2E86FD12A2CEE9100C368EB /* FeedCollectionViewCell.swift in Sources */ = {isa = PBXBuildFile; fileRef = D2E86FD02A2CEE9100C368EB /* FeedCollectionViewCell.swift */; };
		D2E86FD42A2D009A00C368EB /* FeedSample.swift in Sources */ = {isa = PBXBuildFile; fileRef = D2E86FD32A2D009A00C368EB /* FeedSample.swift */; };
		D2E86FD62A2D02A600C368EB /* Entity.swift in Sources */ = {isa = PBXBuildFile; fileRef = D2E86FD52A2D02A600C368EB /* Entity.swift */; };
/* End PBXBuildFile section */

/* Begin PBXFileReference section */
		D2CFD7B12A2CDFF400AFAFEE /* InstagramMainClone.app */ = {isa = PBXFileReference; explicitFileType = wrapper.application; includeInIndex = 0; path = InstagramMainClone.app; sourceTree = BUILT_PRODUCTS_DIR; };
		D2CFD7B42A2CDFF400AFAFEE /* AppDelegate.swift */ = {isa = PBXFileReference; lastKnownFileType = sourcecode.swift; path = AppDelegate.swift; sourceTree = "<group>"; };
		D2CFD7B62A2CDFF400AFAFEE /* SceneDelegate.swift */ = {isa = PBXFileReference; lastKnownFileType = sourcecode.swift; path = SceneDelegate.swift; sourceTree = "<group>"; };
		D2CFD7BD2A2CDFF600AFAFEE /* Assets.xcassets */ = {isa = PBXFileReference; lastKnownFileType = folder.assetcatalog; path = Assets.xcassets; sourceTree = "<group>"; };
		D2CFD7C22A2CDFF600AFAFEE /* Info.plist */ = {isa = PBXFileReference; lastKnownFileType = text.plist.xml; path = Info.plist; sourceTree = "<group>"; };
		D2CFD7C92A2CE17400AFAFEE /* FeedViewController.swift */ = {isa = PBXFileReference; lastKnownFileType = sourcecode.swift; path = FeedViewController.swift; sourceTree = "<group>"; };
		D2E86FD02A2CEE9100C368EB /* FeedCollectionViewCell.swift */ = {isa = PBXFileReference; lastKnownFileType = sourcecode.swift; path = FeedCollectionViewCell.swift; sourceTree = "<group>"; };
		D2E86FD32A2D009A00C368EB /* FeedSample.swift */ = {isa = PBXFileReference; lastKnownFileType = sourcecode.swift; path = FeedSample.swift; sourceTree = "<group>"; };
		D2E86FD52A2D02A600C368EB /* Entity.swift */ = {isa = PBXFileReference; lastKnownFileType = sourcecode.swift; path = Entity.swift; sourceTree = "<group>"; };
/* End PBXFileReference section */

/* Begin PBXFrameworksBuildPhase section */
		D2CFD7AE2A2CDFF400AFAFEE /* Frameworks */ = {
			isa = PBXFrameworksBuildPhase;
			buildActionMask = 2147483647;
			files = (
			);
			runOnlyForDeploymentPostprocessing = 0;
		};
/* End PBXFrameworksBuildPhase section */

/* Begin PBXGroup section */
		D2CFD7A82A2CDFF400AFAFEE = {
			isa = PBXGroup;
			children = (
				D2CFD7B32A2CDFF400AFAFEE /* InstagramMainClone */,
				D2CFD7B22A2CDFF400AFAFEE /* Products */,
			);
			sourceTree = "<group>";
		};
		D2CFD7B22A2CDFF400AFAFEE /* Products */ = {
			isa = PBXGroup;
			children = (
				D2CFD7B12A2CDFF400AFAFEE /* InstagramMainClone.app */,
			);
			name = Products;
			sourceTree = "<group>";
		};
		D2CFD7B32A2CDFF400AFAFEE /* InstagramMainClone */ = {
			isa = PBXGroup;
			children = (
				D2E86FD22A2D008700C368EB /* FeedSample */,
				D2CFD7CB2A2CE1C100AFAFEE /* Application */,
				D2CFD7C82A2CE15800AFAFEE /* FeedView */,
				D2CFD7BD2A2CDFF600AFAFEE /* Assets.xcassets */,
				D2CFD7C22A2CDFF600AFAFEE /* Info.plist */,
			);
			path = InstagramMainClone;
			sourceTree = "<group>";
		};
		D2CFD7C82A2CE15800AFAFEE /* FeedView */ = {
			isa = PBXGroup;
			children = (
				D2CFD7C92A2CE17400AFAFEE /* FeedViewController.swift */,
				D2E86FCF2A2CEE6700C368EB /* Cell */,
			);
			path = FeedView;
			sourceTree = "<group>";
		};
		D2CFD7CB2A2CE1C100AFAFEE /* Application */ = {
			isa = PBXGroup;
			children = (
				D2CFD7B42A2CDFF400AFAFEE /* AppDelegate.swift */,
				D2CFD7B62A2CDFF400AFAFEE /* SceneDelegate.swift */,
			);
			path = Application;
			sourceTree = "<group>";
		};
		D2E86FCF2A2CEE6700C368EB /* Cell */ = {
			isa = PBXGroup;
			children = (
				D2E86FD02A2CEE9100C368EB /* FeedCollectionViewCell.swift */,
			);
			path = Cell;
			sourceTree = "<group>";
		};
		D2E86FD22A2D008700C368EB /* FeedSample */ = {
			isa = PBXGroup;
			children = (
				D2E86FD32A2D009A00C368EB /* FeedSample.swift */,
				D2E86FD52A2D02A600C368EB /* Entity.swift */,
			);
			path = FeedSample;
			sourceTree = "<group>";
		};
/* End PBXGroup section */

/* Begin PBXNativeTarget section */
		D2CFD7B02A2CDFF400AFAFEE /* InstagramMainClone */ = {
			isa = PBXNativeTarget;
			buildConfigurationList = D2CFD7C52A2CDFF600AFAFEE /* Build configuration list for PBXNativeTarget "InstagramMainClone" */;
			buildPhases = (
				D2CFD7AD2A2CDFF400AFAFEE /* Sources */,
				D2CFD7AE2A2CDFF400AFAFEE /* Frameworks */,
				D2CFD7AF2A2CDFF400AFAFEE /* Resources */,
			);
			buildRules = (
			);
			dependencies = (
			);
			name = InstagramMainClone;
			productName = InstagramMainClone;
			productReference = D2CFD7B12A2CDFF400AFAFEE /* InstagramMainClone.app */;
			productType = "com.apple.product-type.application";
		};
/* End PBXNativeTarget section */

/* Begin PBXProject section */
		D2CFD7A92A2CDFF400AFAFEE /* Project object */ = {
			isa = PBXProject;
			attributes = {
				BuildIndependentTargetsInParallel = 1;
				LastSwiftUpdateCheck = 1430;
				LastUpgradeCheck = 1430;
				TargetAttributes = {
					D2CFD7B02A2CDFF400AFAFEE = {
						CreatedOnToolsVersion = 14.3.1;
					};
				};
			};
			buildConfigurationList = D2CFD7AC2A2CDFF400AFAFEE /* Build configuration list for PBXProject "InstagramMainClone" */;
			compatibilityVersion = "Xcode 14.0";
			developmentRegion = en;
			hasScannedForEncodings = 0;
			knownRegions = (
				en,
				Base,
			);
			mainGroup = D2CFD7A82A2CDFF400AFAFEE;
			productRefGroup = D2CFD7B22A2CDFF400AFAFEE /* Products */;
			projectDirPath = "";
			projectRoot = "";
			targets = (
				D2CFD7B02A2CDFF400AFAFEE /* InstagramMainClone */,
			);
		};
/* End PBXProject section */

/* Begin PBXResourcesBuildPhase section */
		D2CFD7AF2A2CDFF400AFAFEE /* Resources */ = {
			isa = PBXResourcesBuildPhase;
			buildActionMask = 2147483647;
			files = (
				D2CFD7BE2A2CDFF600AFAFEE /* Assets.xcassets in Resources */,
			);
			runOnlyForDeploymentPostprocessing = 0;
		};
/* End PBXResourcesBuildPhase section */

/* Begin PBXSourcesBuildPhase section */
		D2CFD7AD2A2CDFF400AFAFEE /* Sources */ = {
			isa = PBXSourcesBuildPhase;
			buildActionMask = 2147483647;
			files = (
				D2CFD7B52A2CDFF400AFAFEE /* AppDelegate.swift in Sources */,
				D2CFD7CA2A2CE17400AFAFEE /* FeedViewController.swift in Sources */,
				D2E86FD62A2D02A600C368EB /* Entity.swift in Sources */,
				D2E86FD12A2CEE9100C368EB /* FeedCollectionViewCell.swift in Sources */,
				D2E86FD42A2D009A00C368EB /* FeedSample.swift in Sources */,
				D2CFD7B72A2CDFF400AFAFEE /* SceneDelegate.swift in Sources */,
			);
			runOnlyForDeploymentPostprocessing = 0;
		};
/* End PBXSourcesBuildPhase section */

/* Begin XCBuildConfiguration section */
		D2CFD7C32A2CDFF600AFAFEE /* Debug */ = {
			isa = XCBuildConfiguration;
			buildSettings = {
				ALWAYS_SEARCH_USER_PATHS = NO;
				CLANG_ANALYZER_NONNULL = YES;
				CLANG_ANALYZER_NUMBER_OBJECT_CONVERSION = YES_AGGRESSIVE;
				CLANG_CXX_LANGUAGE_STANDARD = "gnu++20";
				CLANG_ENABLE_MODULES = YES;
				CLANG_ENABLE_OBJC_ARC = YES;
				CLANG_ENABLE_OBJC_WEAK = YES;
				CLANG_WARN_BLOCK_CAPTURE_AUTORELEASING = YES;
				CLANG_WARN_BOOL_CONVERSION = YES;
				CLANG_WARN_COMMA = YES;
				CLANG_WARN_CONSTANT_CONVERSION = YES;
				CLANG_WARN_DEPRECATED_OBJC_IMPLEMENTATIONS = YES;
				CLANG_WARN_DIRECT_OBJC_ISA_USAGE = YES_ERROR;
				CLANG_WARN_DOCUMENTATION_COMMENTS = YES;
				CLANG_WARN_EMPTY_BODY = YES;
				CLANG_WARN_ENUM_CONVERSION = YES;
				CLANG_WARN_INFINITE_RECURSION = YES;
				CLANG_WARN_INT_CONVERSION = YES;
				CLANG_WARN_NON_LITERAL_NULL_CONVERSION = YES;
				CLANG_WARN_OBJC_IMPLICIT_RETAIN_SELF = YES;
				CLANG_WARN_OBJC_LITERAL_CONVERSION = YES;
				CLANG_WARN_OBJC_ROOT_CLASS = YES_ERROR;
				CLANG_WARN_QUOTED_INCLUDE_IN_FRAMEWORK_HEADER = YES;
				CLANG_WARN_RANGE_LOOP_ANALYSIS = YES;
				CLANG_WARN_STRICT_PROTOTYPES = YES;
				CLANG_WARN_SUSPICIOUS_MOVE = YES;
				CLANG_WARN_UNGUARDED_AVAILABILITY = YES_AGGRESSIVE;
				CLANG_WARN_UNREACHABLE_CODE = YES;
				CLANG_WARN__DUPLICATE_METHOD_MATCH = YES;
				COPY_PHASE_STRIP = NO;
				DEBUG_INFORMATION_FORMAT = dwarf;
				ENABLE_STRICT_OBJC_MSGSEND = YES;
				ENABLE_TESTABILITY = YES;
				GCC_C_LANGUAGE_STANDARD = gnu11;
				GCC_DYNAMIC_NO_PIC = NO;
				GCC_NO_COMMON_BLOCKS = YES;
				GCC_OPTIMIZATION_LEVEL = 0;
				GCC_PREPROCESSOR_DEFINITIONS = (
					"DEBUG=1",
					"$(inherited)",
				);
				GCC_WARN_64_TO_32_BIT_CONVERSION = YES;
				GCC_WARN_ABOUT_RETURN_TYPE = YES_ERROR;
				GCC_WARN_UNDECLARED_SELECTOR = YES;
				GCC_WARN_UNINITIALIZED_AUTOS = YES_AGGRESSIVE;
				GCC_WARN_UNUSED_FUNCTION = YES;
				GCC_WARN_UNUSED_VARIABLE = YES;
				IPHONEOS_DEPLOYMENT_TARGET = 14.0;
				MTL_ENABLE_DEBUG_INFO = INCLUDE_SOURCE;
				MTL_FAST_MATH = YES;
				ONLY_ACTIVE_ARCH = YES;
				SDKROOT = iphoneos;
				SWIFT_ACTIVE_COMPILATION_CONDITIONS = DEBUG;
				SWIFT_OPTIMIZATION_LEVEL = "-Onone";
			};
			name = Debug;
		};
		D2CFD7C42A2CDFF600AFAFEE /* Release */ = {
			isa = XCBuildConfiguration;
			buildSettings = {
				ALWAYS_SEARCH_USER_PATHS = NO;
				CLANG_ANALYZER_NONNULL = YES;
				CLANG_ANALYZER_NUMBER_OBJECT_CONVERSION = YES_AGGRESSIVE;
				CLANG_CXX_LANGUAGE_STANDARD = "gnu++20";
				CLANG_ENABLE_MODULES = YES;
				CLANG_ENABLE_OBJC_ARC = YES;
				CLANG_ENABLE_OBJC_WEAK = YES;
				CLANG_WARN_BLOCK_CAPTURE_AUTORELEASING = YES;
				CLANG_WARN_BOOL_CONVERSION = YES;
				CLANG_WARN_COMMA = YES;
				CLANG_WARN_CONSTANT_CONVERSION = YES;
				CLANG_WARN_DEPRECATED_OBJC_IMPLEMENTATIONS = YES;
				CLANG_WARN_DIRECT_OBJC_ISA_USAGE = YES_ERROR;
				CLANG_WARN_DOCUMENTATION_COMMENTS = YES;
				CLANG_WARN_EMPTY_BODY = YES;
				CLANG_WARN_ENUM_CONVERSION = YES;
				CLANG_WARN_INFINITE_RECURSION = YES;
				CLANG_WARN_INT_CONVERSION = YES;
				CLANG_WARN_NON_LITERAL_NULL_CONVERSION = YES;
				CLANG_WARN_OBJC_IMPLICIT_RETAIN_SELF = YES;
				CLANG_WARN_OBJC_LITERAL_CONVERSION = YES;
				CLANG_WARN_OBJC_ROOT_CLASS = YES_ERROR;
				CLANG_WARN_QUOTED_INCLUDE_IN_FRAMEWORK_HEADER = YES;
				CLANG_WARN_RANGE_LOOP_ANALYSIS = YES;
				CLANG_WARN_STRICT_PROTOTYPES = YES;
				CLANG_WARN_SUSPICIOUS_MOVE = YES;
				CLANG_WARN_UNGUARDED_AVAILABILITY = YES_AGGRESSIVE;
				CLANG_WARN_UNREACHABLE_CODE = YES;
				CLANG_WARN__DUPLICATE_METHOD_MATCH = YES;
				COPY_PHASE_STRIP = NO;
				DEBUG_INFORMATION_FORMAT = "dwarf-with-dsym";
				ENABLE_NS_ASSERTIONS = NO;
				ENABLE_STRICT_OBJC_MSGSEND = YES;
				GCC_C_LANGUAGE_STANDARD = gnu11;
				GCC_NO_COMMON_BLOCKS = YES;
				GCC_WARN_64_TO_32_BIT_CONVERSION = YES;
				GCC_WARN_ABOUT_RETURN_TYPE = YES_ERROR;
				GCC_WARN_UNDECLARED_SELECTOR = YES;
				GCC_WARN_UNINITIALIZED_AUTOS = YES_AGGRESSIVE;
				GCC_WARN_UNUSED_FUNCTION = YES;
				GCC_WARN_UNUSED_VARIABLE = YES;
				IPHONEOS_DEPLOYMENT_TARGET = 14.0;
				MTL_ENABLE_DEBUG_INFO = NO;
				MTL_FAST_MATH = YES;
				SDKROOT = iphoneos;
				SWIFT_COMPILATION_MODE = wholemodule;
				SWIFT_OPTIMIZATION_LEVEL = "-O";
				VALIDATE_PRODUCT = YES;
			};
			name = Release;
		};
		D2CFD7C62A2CDFF600AFAFEE /* Debug */ = {
			isa = XCBuildConfiguration;
			buildSettings = {
				ASSETCATALOG_COMPILER_APPICON_NAME = AppIcon;
				ASSETCATALOG_COMPILER_GLOBAL_ACCENT_COLOR_NAME = AccentColor;
				CODE_SIGN_STYLE = Automatic;
				CURRENT_PROJECT_VERSION = 1;
				DEVELOPMENT_TEAM = N2WW86KJNF;
				GENERATE_INFOPLIST_FILE = YES;
				INFOPLIST_FILE = InstagramMainClone/Info.plist;
				INFOPLIST_KEY_UIApplicationSupportsIndirectInputEvents = YES;
				INFOPLIST_KEY_UILaunchStoryboardName = LaunchScreen;
				INFOPLIST_KEY_UISupportedInterfaceOrientations_iPad = "UIInterfaceOrientationPortrait UIInterfaceOrientationPortraitUpsideDown UIInterfaceOrientationLandscapeLeft UIInterfaceOrientationLandscapeRight";
				INFOPLIST_KEY_UISupportedInterfaceOrientations_iPhone = "UIInterfaceOrientationPortrait UIInterfaceOrientationLandscapeLeft UIInterfaceOrientationLandscapeRight";
				IPHONEOS_DEPLOYMENT_TARGET = 14.0;
				LD_RUNPATH_SEARCH_PATHS = (
					"$(inherited)",
					"@executable_path/Frameworks",
				);
				MARKETING_VERSION = 1.0;
				PRODUCT_BUNDLE_IDENTIFIER = woong.InstagramMainClone;
				PRODUCT_NAME = "$(TARGET_NAME)";
				SWIFT_EMIT_LOC_STRINGS = YES;
				SWIFT_VERSION = 5.0;
				TARGETED_DEVICE_FAMILY = "1,2";
			};
			name = Debug;
		};
		D2CFD7C72A2CDFF600AFAFEE /* Release */ = {
			isa = XCBuildConfiguration;
			buildSettings = {
				ASSETCATALOG_COMPILER_APPICON_NAME = AppIcon;
				ASSETCATALOG_COMPILER_GLOBAL_ACCENT_COLOR_NAME = AccentColor;
				CODE_SIGN_STYLE = Automatic;
				CURRENT_PROJECT_VERSION = 1;
				DEVELOPMENT_TEAM = N2WW86KJNF;
				GENERATE_INFOPLIST_FILE = YES;
				INFOPLIST_FILE = InstagramMainClone/Info.plist;
				INFOPLIST_KEY_UIApplicationSupportsIndirectInputEvents = YES;
				INFOPLIST_KEY_UILaunchStoryboardName = LaunchScreen;
				INFOPLIST_KEY_UISupportedInterfaceOrientations_iPad = "UIInterfaceOrientationPortrait UIInterfaceOrientationPortraitUpsideDown UIInterfaceOrientationLandscapeLeft UIInterfaceOrientationLandscapeRight";
				INFOPLIST_KEY_UISupportedInterfaceOrientations_iPhone = "UIInterfaceOrientationPortrait UIInterfaceOrientationLandscapeLeft UIInterfaceOrientationLandscapeRight";
				IPHONEOS_DEPLOYMENT_TARGET = 14.0;
				LD_RUNPATH_SEARCH_PATHS = (
					"$(inherited)",
					"@executable_path/Frameworks",
				);
				MARKETING_VERSION = 1.0;
				PRODUCT_BUNDLE_IDENTIFIER = woong.InstagramMainClone;
				PRODUCT_NAME = "$(TARGET_NAME)";
				SWIFT_EMIT_LOC_STRINGS = YES;
				SWIFT_VERSION = 5.0;
				TARGETED_DEVICE_FAMILY = "1,2";
			};
			name = Release;
		};
/* End XCBuildConfiguration section */

/* Begin XCConfigurationList section */
		D2CFD7AC2A2CDFF400AFAFEE /* Build configuration list for PBXProject "InstagramMainClone" */ = {
			isa = XCConfigurationList;
			buildConfigurations = (
				D2CFD7C32A2CDFF600AFAFEE /* Debug */,
				D2CFD7C42A2CDFF600AFAFEE /* Release */,
			);
			defaultConfigurationIsVisible = 0;
			defaultConfigurationName = Release;
		};
		D2CFD7C52A2CDFF600AFAFEE /* Build configuration list for PBXNativeTarget "InstagramMainClone" */ = {
			isa = XCConfigurationList;
			buildConfigurations = (
				D2CFD7C62A2CDFF600AFAFEE /* Debug */,
				D2CFD7C72A2CDFF600AFAFEE /* Release */,
			);
			defaultConfigurationIsVisible = 0;
			defaultConfigurationName = Release;
		};
/* End XCConfigurationList section */
	};
	rootObject = D2CFD7A92A2CDFF400AFAFEE /* Project object */;
}
